
Microsoft Visual Studio Solution File, Format Version 12.00
# Visual Studio Version 17
VisualStudioVersion = 17.4.33213.308
MinimumVisualStudioVersion = 10.0.40219.1
Project("{FAE04EC0-301F-11D3-BF4B-00C04F79EFBC}") = "lab8DependencyService.Android", "lab8DependencyService\lab8DependencyService.Android\lab8DependencyService.Android.csproj", "{F118388E-BAC7-4564-A142-BCA61AD12F90}"
EndProject
Project("{FAE04EC0-301F-11D3-BF4B-00C04F79EFBC}") = "lab8DependencyService.iOS", "lab8DependencyService\lab8DependencyService.iOS\lab8DependencyService.iOS.csproj", "{A2353B19-BF60-4E25-BA73-B74398E0C4CB}"
EndProject
Project("{FAE04EC0-301F-11D3-BF4B-00C04F79EFBC}") = "lab8DependencyService", "lab8DependencyService\lab8DependencyService\lab8DependencyService.csproj", "{8C10F7C3-2307-4A23-A8A9-EE2236F94E67}"
EndProject
Global
	GlobalSection(SolutionConfigurationPlatforms) = preSolution
		Debug|Any CPU = Debug|Any CPU
		Debug|iPhone = Debug|iPhone
		Debug|iPhoneSimulator = Debug|iPhoneSimulator
		Release|Any CPU = Release|Any CPU
		Release|iPhone = Release|iPhone
		Release|iPhoneSimulator = Release|iPhoneSimulator
	EndGlobalSection
	GlobalSection(ProjectConfigurationPlatforms) = postSolution
		{F118388E-BAC7-4564-A142-BCA61AD12F90}.Debug|Any CPU.ActiveCfg = Debug|Any CPU
		{F118388E-BAC7-4564-A142-BCA61AD12F90}.Debug|Any CPU.Build.0 = Debug|Any CPU
		{F118388E-BAC7-4564-A142-BCA61AD12F90}.Debug|Any CPU.Deploy.0 = Debug|Any CPU
		{F118388E-BAC7-4564-A142-BCA61AD12F90}.Debug|iPhone.ActiveCfg = Debug|Any CPU
		{F118388E-BAC7-4564-A142-BCA61AD12F90}.Debug|iPhone.Build.0 = Debug|Any CPU
		{F118388E-BAC7-4564-A142-BCA61AD12F90}.Debug|iPhone.Deploy.0 = Debug|Any CPU
		{F118388E-BAC7-4564-A142-BCA61AD12F90}.Debug|iPhoneSimulator.ActiveCfg = Debug|Any CPU
		{F118388E-BAC7-4564-A142-BCA61AD12F90}.Debug|iPhoneSimulator.Build.0 = Debug|Any CPU
		{F118388E-BAC7-4564-A142-BCA61AD12F90}.Debug|iPhoneSimulator.Deploy.0 = Debug|Any CPU
		{F118388E-BAC7-4564-A142-BCA61AD12F90}.Release|Any CPU.ActiveCfg = Release|Any CPU
		{F118388E-BAC7-4564-A142-BCA61AD12F90}.Release|Any CPU.Build.0 = Release|Any CPU
		{F118388E-BAC7-4564-A142-BCA61AD12F90}.Release|Any CPU.Deploy.0 = Release|Any CPU
		{F118388E-BAC7-4564-A142-BCA61AD12F90}.Release|iPhone.ActiveCfg = Release|Any CPU
		{F118388E-BAC7-4564-A142-BCA61AD12F90}.Release|iPhone.Build.0 = Release|Any CPU
		{F118388E-BAC7-4564-A142-BCA61AD12F90}.Release|iPhone.Deploy.0 = Release|Any CPU
		{F118388E-BAC7-4564-A142-BCA61AD12F90}.Release|iPhoneSimulator.ActiveCfg = Release|Any CPU
		{F118388E-BAC7-4564-A142-BCA61AD12F90}.Release|iPhoneSimulator.Build.0 = Release|Any CPU
		{F118388E-BAC7-4564-A142-BCA61AD12F90}.Release|iPhoneSimulator.Deploy.0 = Release|Any CPU
		{A2353B19-BF60-4E25-BA73-B74398E0C4CB}.Debug|Any CPU.ActiveCfg = Debug|iPhone
		{A2353B19-BF60-4E25-BA73-B74398E0C4CB}.Debug|Any CPU.Build.0 = Debug|iPhone
		{A2353B19-BF60-4E25-BA73-B74398E0C4CB}.Debug|Any CPU.Deploy.0 = Debug|iPhone
		{A2353B19-BF60-4E25-BA73-B74398E0C4CB}.Debug|iPhone.ActiveCfg = Debug|iPhone
		{A2353B19-BF60-4E25-BA73-B74398E0C4CB}.Debug|iPhone.Build.0 = Debug|iPhone
		{A2353B19-BF60-4E25-BA73-B74398E0C4CB}.Debug|iPhone.Deploy.0 = Debug|iPhone
		{A2353B19-BF60-4E25-BA73-B74398E0C4CB}.Debug|iPhoneSimulator.ActiveCfg = Debug|iPhoneSimulator
		{A2353B19-BF60-4E25-BA73-B74398E0C4CB}.Debug|iPhoneSimulator.Build.0 = Debug|iPhoneSimulator
		{A2353B19-BF60-4E25-BA73-B74398E0C4CB}.Debug|iPhoneSimulator.Deploy.0 = Debug|iPhoneSimulator
		{A2353B19-BF60-4E25-BA73-B74398E0C4CB}.Release|Any CPU.ActiveCfg = Release|iPhoneSimulator
		{A2353B19-BF60-4E25-BA73-B74398E0C4CB}.Release|Any CPU.Build.0 = Release|iPhoneSimulator
		{A2353B19-BF60-4E25-BA73-B74398E0C4CB}.Release|Any CPU.Deploy.0 = Release|iPhoneSimulator
		{A2353B19-BF60-4E25-BA73-B74398E0C4CB}.Release|iPhone.ActiveCfg = Release|iPhone
		{A2353B19-BF60-4E25-BA73-B74398E0C4CB}.Release|iPhone.Build.0 = Release|iPhone
		{A2353B19-BF60-4E25-BA73-B74398E0C4CB}.Release|iPhone.Deploy.0 = Release|iPhone
		{A2353B19-BF60-4E25-BA73-B74398E0C4CB}.Release|iPhoneSimulator.ActiveCfg = Release|iPhoneSimulator
		{A2353B19-BF60-4E25-BA73-B74398E0C4CB}.Release|iPhoneSimulator.Build.0 = Release|iPhoneSimulator
		{A2353B19-BF60-4E25-BA73-B74398E0C4CB}.Release|iPhoneSimulator.Deploy.0 = Release|iPhoneSimulator
		{8C10F7C3-2307-4A23-A8A9-EE2236F94E67}.Debug|Any CPU.ActiveCfg = Debug|Any CPU
		{8C10F7C3-2307-4A23-A8A9-EE2236F94E67}.Debug|Any CPU.Build.0 = Debug|Any CPU
		{8C10F7C3-2307-4A23-A8A9-EE2236F94E67}.Debug|Any CPU.Deploy.0 = Debug|Any CPU
		{8C10F7C3-2307-4A23-A8A9-EE2236F94E67}.Debug|iPhone.ActiveCfg = Debug|Any CPU
		{8C10F7C3-2307-4A23-A8A9-EE2236F94E67}.Debug|iPhone.Build.0 = Debug|Any CPU
		{8C10F7C3-2307-4A23-A8A9-EE2236F94E67}.Debug|iPhone.Deploy.0 = Debug|Any CPU
		{8C10F7C3-2307-4A23-A8A9-EE2236F94E67}.Debug|iPhoneSimulator.ActiveCfg = Debug|Any CPU
		{8C10F7C3-2307-4A23-A8A9-EE2236F94E67}.Debug|iPhoneSimulator.Build.0 = Debug|Any CPU
		{8C10F7C3-2307-4A23-A8A9-EE2236F94E67}.Debug|iPhoneSimulator.Deploy.0 = Debug|Any CPU
		{8C10F7C3-2307-4A23-A8A9-EE2236F94E67}.Release|Any CPU.ActiveCfg = Release|Any CPU
		{8C10F7C3-2307-4A23-A8A9-EE2236F94E67}.Release|Any CPU.Build.0 = Release|Any CPU
		{8C10F7C3-2307-4A23-A8A9-EE2236F94E67}.Release|Any CPU.Deploy.0 = Release|Any CPU
		{8C10F7C3-2307-4A23-A8A9-EE2236F94E67}.Release|iPhone.ActiveCfg = Release|Any CPU
		{8C10F7C3-2307-4A23-A8A9-EE2236F94E67}.Release|iPhone.Build.0 = Release|Any CPU
		{8C10F7C3-2307-4A23-A8A9-EE2236F94E67}.Release|iPhone.Deploy.0 = Release|Any CPU
		{8C10F7C3-2307-4A23-A8A9-EE2236F94E67}.Release|iPhoneSimulator.ActiveCfg = Release|Any CPU
		{8C10F7C3-2307-4A23-A8A9-EE2236F94E67}.Release|iPhoneSimulator.Build.0 = Release|Any CPU
		{8C10F7C3-2307-4A23-A8A9-EE2236F94E67}.Release|iPhoneSimulator.Deploy.0 = Release|Any CPU
	EndGlobalSection
	GlobalSection(SolutionProperties) = preSolution
		HideSolutionNode = FALSE
	EndGlobalSection
	GlobalSection(ExtensibilityGlobals) = postSolution
		SolutionGuid = {D5E14550-4E3A-4E70-AC51-09DE10F3C1D5}
	EndGlobalSection
EndGlobal
